{
  "name": "tiled_extension_cbin",
  "version": "1.0.0",
  "lockfileVersion": 2,
  "requires": true,
  "packages": {
    "": {
      "name": "tiled_extension_cbin",
      "version": "1.0.0",
      "license": "ISC",
      "devDependencies": {
        "@mapeditor/tiled-api": "^1.9.2"
      }
    },
    "node_modules/@mapeditor/tiled-api": {
      "version": "1.9.2",
      "resolved": "https://registry.npmjs.org/@mapeditor/tiled-api/-/tiled-api-1.9.2.tgz",
      "integrity": "sha512-NGaypJyXmiEKnvj/Ft2saf9OBLy3lD6BLTo0AxPub9dTnmenLGvHV0EAFDlu4lRa8QWZOqWW1RK5wJpcbIpHEg==",
      "dev": true,
      "funding": [
        {
          "type": "github",
          "url": "https://github.com/sponsors/bjorn"
        },
        {
          "type": "opencollective",
          "url": "https://opencollective.com/tiled"
        },
        {
          "type": "patreon",
          "url": "https://patreon.com/bjorn"
        }
      ]
    }
  },
  "dependencies": {
    "@mapeditor/tiled-api": {
      "version": "1.9.2",
      "resolved": "https://registry.npmjs.org/@mapeditor/tiled-api/-/tiled-api-1.9.2.tgz",
      "integrity": "sha512-NGaypJyXmiEKnvj/Ft2saf9OBLy3lD6BLTo0AxPub9dTnmenLGvHV0EAFDlu4lRa8QWZOqWW1RK5wJpcbIpHEg==",
      "dev": true
    }
  }
}
